
Microsoft Visual Studio Solution File, Format Version 12.00
# Visual Studio 2013
VisualStudioVersion = 12.0.21005.1
MinimumVisualStudioVersion = 10.0.40219.1
Project("{FAE04EC0-301F-11D3-BF4B-00C04F79EFBC}") = "hw8", "hw8\hw8.csproj", "{F559CB67-A60A-4E29-9261-0C651D47656A}"
EndProject
Project("{FAE04EC0-301F-11D3-BF4B-00C04F79EFBC}") = "ClassLibrary1", "ClassLibrary1\ClassLibrary1.csproj", "{FE5C42AA-FD2A-4E7A-B366-15C5BB6D8A79}"
EndProject
Global
	GlobalSection(SolutionConfigurationPlatforms) = preSolution
		Debug|Any CPU = Debug|Any CPU
		Release|Any CPU = Release|Any CPU
	EndGlobalSection
	GlobalSection(ProjectConfigurationPlatforms) = postSolution
		{F559CB67-A60A-4E29-9261-0C651D47656A}.Debug|Any CPU.ActiveCfg = Debug|Any CPU
		{F559CB67-A60A-4E29-9261-0C651D47656A}.Debug|Any CPU.Build.0 = Debug|Any CPU
		{F559CB67-A60A-4E29-9261-0C651D47656A}.Release|Any CPU.ActiveCfg = Release|Any CPU
		{F559CB67-A60A-4E29-9261-0C651D47656A}.Release|Any CPU.Build.0 = Release|Any CPU
		{FE5C42AA-FD2A-4E7A-B366-15C5BB6D8A79}.Debug|Any CPU.ActiveCfg = Debug|Any CPU
		{FE5C42AA-FD2A-4E7A-B366-15C5BB6D8A79}.Debug|Any CPU.Build.0 = Debug|Any CPU
		{FE5C42AA-FD2A-4E7A-B366-15C5BB6D8A79}.Release|Any CPU.ActiveCfg = Release|Any CPU
		{FE5C42AA-FD2A-4E7A-B366-15C5BB6D8A79}.Release|Any CPU.Build.0 = Release|Any CPU
	EndGlobalSection
	GlobalSection(SolutionProperties) = preSolution
		HideSolutionNode = FALSE
	EndGlobalSection
EndGlobal
